
Microsoft Visual Studio Solution File, Format Version 12.00
# Visual Studio Version 16
VisualStudioVersion = 16.0.28803.202
MinimumVisualStudioVersion = 10.0.40219.1
Project("{FAE04EC0-301F-11D3-BF4B-00C04F79EFBC}") = "ParentsEyesKidsTracking.Web", "ParentsEyesKidsTracking.Web\ParentsEyesKidsTracking.Web.csproj", "{5ACA4CE4-6EE0-4C1F-9CBB-3E0CF1BFCFEF}"
EndProject
Global
	GlobalSection(SolutionConfigurationPlatforms) = preSolution
		Debug|Any CPU = Debug|Any CPU
		Release|Any CPU = Release|Any CPU
	EndGlobalSection
	GlobalSection(ProjectConfigurationPlatforms) = postSolution
		{5ACA4CE4-6EE0-4C1F-9CBB-3E0CF1BFCFEF}.Debug|Any CPU.ActiveCfg = Debug|Any CPU
		{5ACA4CE4-6EE0-4C1F-9CBB-3E0CF1BFCFEF}.Debug|Any CPU.Build.0 = Debug|Any CPU
		{5ACA4CE4-6EE0-4C1F-9CBB-3E0CF1BFCFEF}.Release|Any CPU.ActiveCfg = Release|Any CPU
		{5ACA4CE4-6EE0-4C1F-9CBB-3E0CF1BFCFEF}.Release|Any CPU.Build.0 = Release|Any CPU
	EndGlobalSection
	GlobalSection(SolutionProperties) = preSolution
		HideSolutionNode = FALSE
	EndGlobalSection
	GlobalSection(ExtensibilityGlobals) = postSolution
		SolutionGuid = {443560D7-C50A-4532-A0CD-C56EE5BF615A}
	EndGlobalSection
EndGlobal
